
Microsoft Visual Studio Solution File, Format Version 12.00
# Visual Studio Version 16
VisualStudioVersion = 16.0.30621.155
MinimumVisualStudioVersion = 10.0.40219.1
Project("{FAE04EC0-301F-11D3-BF4B-00C04F79EFBC}") = "Integral", "Integral\Integral.csproj", "{7F8A3269-E3D9-499E-B16A-18B3E738EA3B}"
EndProject
Project("{FAE04EC0-301F-11D3-BF4B-00C04F79EFBC}") = "Integral.Test", "Integral.Test\Integral.Test.csproj", "{8B9B71D1-F9FA-4BEC-AEEA-A0443668CD96}"
EndProject
Global
	GlobalSection(SolutionConfigurationPlatforms) = preSolution
		Debug|Any CPU = Debug|Any CPU
		Release|Any CPU = Release|Any CPU
	EndGlobalSection
	GlobalSection(ProjectConfigurationPlatforms) = postSolution
		{7F8A3269-E3D9-499E-B16A-18B3E738EA3B}.Debug|Any CPU.ActiveCfg = Debug|Any CPU
		{7F8A3269-E3D9-499E-B16A-18B3E738EA3B}.Debug|Any CPU.Build.0 = Debug|Any CPU
		{7F8A3269-E3D9-499E-B16A-18B3E738EA3B}.Release|Any CPU.ActiveCfg = Release|Any CPU
		{7F8A3269-E3D9-499E-B16A-18B3E738EA3B}.Release|Any CPU.Build.0 = Release|Any CPU
		{8B9B71D1-F9FA-4BEC-AEEA-A0443668CD96}.Debug|Any CPU.ActiveCfg = Debug|Any CPU
		{8B9B71D1-F9FA-4BEC-AEEA-A0443668CD96}.Debug|Any CPU.Build.0 = Debug|Any CPU
		{8B9B71D1-F9FA-4BEC-AEEA-A0443668CD96}.Release|Any CPU.ActiveCfg = Release|Any CPU
		{8B9B71D1-F9FA-4BEC-AEEA-A0443668CD96}.Release|Any CPU.Build.0 = Release|Any CPU
	EndGlobalSection
	GlobalSection(SolutionProperties) = preSolution
		HideSolutionNode = FALSE
	EndGlobalSection
	GlobalSection(ExtensibilityGlobals) = postSolution
		SolutionGuid = {18E77408-ABF1-45F9-B46D-21FB9539D7C5}
	EndGlobalSection
EndGlobal
